
Microsoft Visual Studio Solution File, Format Version 12.00
# Visual Studio Version 16
VisualStudioVersion = 16.0.29509.3
MinimumVisualStudioVersion = 10.0.40219.1
Project("{FAE04EC0-301F-11D3-BF4B-00C04F79EFBC}") = "lab2_5varsyntacinputoutputconsoleapp", "lab2_5varsyntacinputoutputconsoleapp\lab2_5varsyntacinputoutputconsoleapp.csproj", "{AFE00BEF-BF5E-4334-9CBB-651B5B4E1B4C}"
EndProject
Global
	GlobalSection(SolutionConfigurationPlatforms) = preSolution
		Debug|Any CPU = Debug|Any CPU
		Release|Any CPU = Release|Any CPU
	EndGlobalSection
	GlobalSection(ProjectConfigurationPlatforms) = postSolution
		{AFE00BEF-BF5E-4334-9CBB-651B5B4E1B4C}.Debug|Any CPU.ActiveCfg = Debug|Any CPU
		{AFE00BEF-BF5E-4334-9CBB-651B5B4E1B4C}.Debug|Any CPU.Build.0 = Debug|Any CPU
		{AFE00BEF-BF5E-4334-9CBB-651B5B4E1B4C}.Release|Any CPU.ActiveCfg = Release|Any CPU
		{AFE00BEF-BF5E-4334-9CBB-651B5B4E1B4C}.Release|Any CPU.Build.0 = Release|Any CPU
	EndGlobalSection
	GlobalSection(SolutionProperties) = preSolution
		HideSolutionNode = FALSE
	EndGlobalSection
	GlobalSection(ExtensibilityGlobals) = postSolution
		SolutionGuid = {DF99346E-CCE8-4311-806F-A88012112A0B}
	EndGlobalSection
EndGlobal
